
Microsoft Visual Studio Solution File, Format Version 12.00
# Visual Studio Version 17
VisualStudioVersion = 17.3.32825.248
MinimumVisualStudioVersion = 10.0.40219.1
Project("{FAE04EC0-301F-11D3-BF4B-00C04F79EFBC}") = "ckmz", "ckmz.csproj", "{ABF554D0-759E-4BBF-86E1-4B061A401D1E}"
EndProject
Project("{E53339B2-1760-4266-BCC7-CA923CBCF16C}") = "docker-compose", "docker-compose.dcproj", "{D1A19172-F71D-42F1-90C4-A233C8925599}"
EndProject
Global
	GlobalSection(SolutionConfigurationPlatforms) = preSolution
		Debug|Any CPU = Debug|Any CPU
		Release|Any CPU = Release|Any CPU
	EndGlobalSection
	GlobalSection(ProjectConfigurationPlatforms) = postSolution
		{ABF554D0-759E-4BBF-86E1-4B061A401D1E}.Debug|Any CPU.ActiveCfg = Debug|Any CPU
		{ABF554D0-759E-4BBF-86E1-4B061A401D1E}.Debug|Any CPU.Build.0 = Debug|Any CPU
		{ABF554D0-759E-4BBF-86E1-4B061A401D1E}.Release|Any CPU.ActiveCfg = Release|Any CPU
		{ABF554D0-759E-4BBF-86E1-4B061A401D1E}.Release|Any CPU.Build.0 = Release|Any CPU
		{D1A19172-F71D-42F1-90C4-A233C8925599}.Debug|Any CPU.ActiveCfg = Debug|Any CPU
		{D1A19172-F71D-42F1-90C4-A233C8925599}.Debug|Any CPU.Build.0 = Debug|Any CPU
		{D1A19172-F71D-42F1-90C4-A233C8925599}.Release|Any CPU.ActiveCfg = Release|Any CPU
		{D1A19172-F71D-42F1-90C4-A233C8925599}.Release|Any CPU.Build.0 = Release|Any CPU
	EndGlobalSection
	GlobalSection(SolutionProperties) = preSolution
		HideSolutionNode = FALSE
	EndGlobalSection
	GlobalSection(ExtensibilityGlobals) = postSolution
		SolutionGuid = {21246678-7170-4872-B59E-D27610FEB364}
	EndGlobalSection
EndGlobal
